
Microsoft Visual Studio Solution File, Format Version 12.00
# Visual Studio Version 17
VisualStudioVersion = 17.4.33122.133
MinimumVisualStudioVersion = 10.0.40219.1
Project("{9A19103F-16F7-4668-BE54-9A1E7A4F7556}") = "Paramo", "Paramo.csproj", "{AEC2CB10-980F-4D5D-A81D-006510A13C2F}"
EndProject
Project("{FAE04EC0-301F-11D3-BF4B-00C04F79EFBC}") = "ParamoTest", "..\C# YA\Otros\ParamoTest\ParamoTest.csproj", "{87F4B6B0-BA32-49E1-A498-51CDBCE5C14B}"
EndProject
Global
	GlobalSection(SolutionConfigurationPlatforms) = preSolution
		Debug|Any CPU = Debug|Any CPU
		Release|Any CPU = Release|Any CPU
	EndGlobalSection
	GlobalSection(ProjectConfigurationPlatforms) = postSolution
		{AEC2CB10-980F-4D5D-A81D-006510A13C2F}.Debug|Any CPU.ActiveCfg = Debug|Any CPU
		{AEC2CB10-980F-4D5D-A81D-006510A13C2F}.Debug|Any CPU.Build.0 = Debug|Any CPU
		{AEC2CB10-980F-4D5D-A81D-006510A13C2F}.Release|Any CPU.ActiveCfg = Release|Any CPU
		{AEC2CB10-980F-4D5D-A81D-006510A13C2F}.Release|Any CPU.Build.0 = Release|Any CPU
		{87F4B6B0-BA32-49E1-A498-51CDBCE5C14B}.Debug|Any CPU.ActiveCfg = Debug|Any CPU
		{87F4B6B0-BA32-49E1-A498-51CDBCE5C14B}.Debug|Any CPU.Build.0 = Debug|Any CPU
		{87F4B6B0-BA32-49E1-A498-51CDBCE5C14B}.Release|Any CPU.ActiveCfg = Release|Any CPU
		{87F4B6B0-BA32-49E1-A498-51CDBCE5C14B}.Release|Any CPU.Build.0 = Release|Any CPU
	EndGlobalSection
	GlobalSection(SolutionProperties) = preSolution
		HideSolutionNode = FALSE
	EndGlobalSection
	GlobalSection(ExtensibilityGlobals) = postSolution
		SolutionGuid = {75249653-455F-46DC-BB9B-C793E40131D5}
	EndGlobalSection
EndGlobal
